
Microsoft Visual Studio Solution File, Format Version 12.00
# Visual Studio 15
VisualStudioVersion = 15.0.28010.2003
MinimumVisualStudioVersion = 10.0.40219.1
Project("{9A19103F-16F7-4668-BE54-9A1E7A4F7556}") = "ApiTestValidationFilter", "ApiTestValidationFilter.csproj", "{8AA39E14-4EB7-4352-AAEF-6EA2264ABC35}"
EndProject
Project("{9A19103F-16F7-4668-BE54-9A1E7A4F7556}") = "FFP.Interfaces", "..\FFP.Interfaces\FFP.Interfaces.csproj", "{4E63F941-5F02-43BA-8FA6-BCF2C14F1CE8}"
EndProject
Project("{778DAE3C-4631-46EA-AA77-85C1314464D9}") = "FFP.CoreUtilities", "..\FFP.CoreUtilities\FFP.CoreUtilities.vbproj", "{80F76CF6-9681-4897-BE27-F6E68F390BE7}"
EndProject
Project("{9A19103F-16F7-4668-BE54-9A1E7A4F7556}") = "FFP.Validation", "..\FFP.Validation\FFP.Validation.csproj", "{2C33BEEC-AFE2-47B3-9497-22BEAC69FF36}"
EndProject
Project("{9A19103F-16F7-4668-BE54-9A1E7A4F7556}") = "ValidationRules_Tests", "..\FFP.Validation\ValidationRules_Tests\ValidationRules_Tests.csproj", "{5825B4A3-C94E-420E-A7A4-47CE3E0FA34A}"
EndProject
Global
	GlobalSection(SolutionConfigurationPlatforms) = preSolution
		Debug|Any CPU = Debug|Any CPU
		Release|Any CPU = Release|Any CPU
	EndGlobalSection
	GlobalSection(ProjectConfigurationPlatforms) = postSolution
		{8AA39E14-4EB7-4352-AAEF-6EA2264ABC35}.Debug|Any CPU.ActiveCfg = Debug|Any CPU
		{8AA39E14-4EB7-4352-AAEF-6EA2264ABC35}.Debug|Any CPU.Build.0 = Debug|Any CPU
		{8AA39E14-4EB7-4352-AAEF-6EA2264ABC35}.Release|Any CPU.ActiveCfg = Release|Any CPU
		{8AA39E14-4EB7-4352-AAEF-6EA2264ABC35}.Release|Any CPU.Build.0 = Release|Any CPU
		{4E63F941-5F02-43BA-8FA6-BCF2C14F1CE8}.Debug|Any CPU.ActiveCfg = Debug|Any CPU
		{4E63F941-5F02-43BA-8FA6-BCF2C14F1CE8}.Debug|Any CPU.Build.0 = Debug|Any CPU
		{4E63F941-5F02-43BA-8FA6-BCF2C14F1CE8}.Release|Any CPU.ActiveCfg = Release|Any CPU
		{4E63F941-5F02-43BA-8FA6-BCF2C14F1CE8}.Release|Any CPU.Build.0 = Release|Any CPU
		{80F76CF6-9681-4897-BE27-F6E68F390BE7}.Debug|Any CPU.ActiveCfg = Debug|Any CPU
		{80F76CF6-9681-4897-BE27-F6E68F390BE7}.Debug|Any CPU.Build.0 = Debug|Any CPU
		{80F76CF6-9681-4897-BE27-F6E68F390BE7}.Release|Any CPU.ActiveCfg = Release|Any CPU
		{80F76CF6-9681-4897-BE27-F6E68F390BE7}.Release|Any CPU.Build.0 = Release|Any CPU
		{2C33BEEC-AFE2-47B3-9497-22BEAC69FF36}.Debug|Any CPU.ActiveCfg = Debug|Any CPU
		{2C33BEEC-AFE2-47B3-9497-22BEAC69FF36}.Debug|Any CPU.Build.0 = Debug|Any CPU
		{2C33BEEC-AFE2-47B3-9497-22BEAC69FF36}.Release|Any CPU.ActiveCfg = Release|Any CPU
		{2C33BEEC-AFE2-47B3-9497-22BEAC69FF36}.Release|Any CPU.Build.0 = Release|Any CPU
		{5825B4A3-C94E-420E-A7A4-47CE3E0FA34A}.Debug|Any CPU.ActiveCfg = Debug|Any CPU
		{5825B4A3-C94E-420E-A7A4-47CE3E0FA34A}.Debug|Any CPU.Build.0 = Debug|Any CPU
		{5825B4A3-C94E-420E-A7A4-47CE3E0FA34A}.Release|Any CPU.ActiveCfg = Release|Any CPU
		{5825B4A3-C94E-420E-A7A4-47CE3E0FA34A}.Release|Any CPU.Build.0 = Release|Any CPU
	EndGlobalSection
	GlobalSection(SolutionProperties) = preSolution
		HideSolutionNode = FALSE
	EndGlobalSection
	GlobalSection(ExtensibilityGlobals) = postSolution
		SolutionGuid = {3223083A-516F-4E89-8571-10487077059F}
	EndGlobalSection
EndGlobal
